
Microsoft Visual Studio Solution File, Format Version 11.00
# Visual Studio 2010
Project("{FAE04EC0-301F-11D3-BF4B-00C04F79EFBC}") = "GameOfLife.Core", "Core\GameOfLife.Core.csproj", "{B6EC237D-0F04-4787-9628-ABF4DF9B0D55}"
EndProject
Project("{2150E333-8FDC-42A3-9474-1A3956D46DE8}") = "Solution Items", "Solution Items", "{C9E601CB-35FC-4F98-9338-73DA342D8784}"
	ProjectSection(SolutionItems) = preProject
		GameOfLife.vsmdi = GameOfLife.vsmdi
		Local.testsettings = Local.testsettings
		TraceAndTestImpact.testsettings = TraceAndTestImpact.testsettings
	EndProjectSection
EndProject
Project("{FAE04EC0-301F-11D3-BF4B-00C04F79EFBC}") = "GameOfLife.UnitTests", "UnitTests\GameOfLife.UnitTests.csproj", "{E443C582-9CE2-4478-9285-14A07C65E6B6}"
EndProject
Project("{FAE04EC0-301F-11D3-BF4B-00C04F79EFBC}") = "GameOfLife.ConsoleApplication", "ConsoleApplication\GameOfLife.ConsoleApplication.csproj", "{0FCA3EED-4698-456B-A09D-5602EEA3E8A7}"
EndProject
Project("{FAE04EC0-301F-11D3-BF4B-00C04F79EFBC}") = "GameOfLife.WpfApplication", "WpfApplication\GameOfLife.WpfApplication.csproj", "{17190634-4F7B-4FB3-94D5-A67F0A33D092}"
EndProject
Project("{FAE04EC0-301F-11D3-BF4B-00C04F79EFBC}") = "GameOfLife.SharpGlWpfApplication", "SharpGlWpfApplication\GameOfLife.SharpGlWpfApplication.csproj", "{A434FFFC-A9CE-455B-8B7C-2673B9415207}"
EndProject
Global
	GlobalSection(TestCaseManagementSettings) = postSolution
		CategoryFile = GameOfLife.vsmdi
	EndGlobalSection
	GlobalSection(SolutionConfigurationPlatforms) = preSolution
		Debug|Any CPU = Debug|Any CPU
		Debug|Mixed Platforms = Debug|Mixed Platforms
		Debug|x86 = Debug|x86
		Release|Any CPU = Release|Any CPU
		Release|Mixed Platforms = Release|Mixed Platforms
		Release|x86 = Release|x86
	EndGlobalSection
	GlobalSection(ProjectConfigurationPlatforms) = postSolution
		{B6EC237D-0F04-4787-9628-ABF4DF9B0D55}.Debug|Any CPU.ActiveCfg = Debug|Any CPU
		{B6EC237D-0F04-4787-9628-ABF4DF9B0D55}.Debug|Any CPU.Build.0 = Debug|Any CPU
		{B6EC237D-0F04-4787-9628-ABF4DF9B0D55}.Debug|Mixed Platforms.ActiveCfg = Debug|Any CPU
		{B6EC237D-0F04-4787-9628-ABF4DF9B0D55}.Debug|Mixed Platforms.Build.0 = Debug|Any CPU
		{B6EC237D-0F04-4787-9628-ABF4DF9B0D55}.Debug|x86.ActiveCfg = Debug|Any CPU
		{B6EC237D-0F04-4787-9628-ABF4DF9B0D55}.Release|Any CPU.ActiveCfg = Release|Any CPU
		{B6EC237D-0F04-4787-9628-ABF4DF9B0D55}.Release|Any CPU.Build.0 = Release|Any CPU
		{B6EC237D-0F04-4787-9628-ABF4DF9B0D55}.Release|Mixed Platforms.ActiveCfg = Release|Any CPU
		{B6EC237D-0F04-4787-9628-ABF4DF9B0D55}.Release|Mixed Platforms.Build.0 = Release|Any CPU
		{B6EC237D-0F04-4787-9628-ABF4DF9B0D55}.Release|x86.ActiveCfg = Release|Any CPU
		{E443C582-9CE2-4478-9285-14A07C65E6B6}.Debug|Any CPU.ActiveCfg = Debug|Any CPU
		{E443C582-9CE2-4478-9285-14A07C65E6B6}.Debug|Any CPU.Build.0 = Debug|Any CPU
		{E443C582-9CE2-4478-9285-14A07C65E6B6}.Debug|Mixed Platforms.ActiveCfg = Debug|Any CPU
		{E443C582-9CE2-4478-9285-14A07C65E6B6}.Debug|Mixed Platforms.Build.0 = Debug|Any CPU
		{E443C582-9CE2-4478-9285-14A07C65E6B6}.Debug|x86.ActiveCfg = Debug|Any CPU
		{E443C582-9CE2-4478-9285-14A07C65E6B6}.Release|Any CPU.ActiveCfg = Release|Any CPU
		{E443C582-9CE2-4478-9285-14A07C65E6B6}.Release|Any CPU.Build.0 = Release|Any CPU
		{E443C582-9CE2-4478-9285-14A07C65E6B6}.Release|Mixed Platforms.ActiveCfg = Release|Any CPU
		{E443C582-9CE2-4478-9285-14A07C65E6B6}.Release|Mixed Platforms.Build.0 = Release|Any CPU
		{E443C582-9CE2-4478-9285-14A07C65E6B6}.Release|x86.ActiveCfg = Release|Any CPU
		{0FCA3EED-4698-456B-A09D-5602EEA3E8A7}.Debug|Any CPU.ActiveCfg = Debug|x86
		{0FCA3EED-4698-456B-A09D-5602EEA3E8A7}.Debug|Mixed Platforms.ActiveCfg = Debug|x86
		{0FCA3EED-4698-456B-A09D-5602EEA3E8A7}.Debug|Mixed Platforms.Build.0 = Debug|x86
		{0FCA3EED-4698-456B-A09D-5602EEA3E8A7}.Debug|x86.ActiveCfg = Debug|x86
		{0FCA3EED-4698-456B-A09D-5602EEA3E8A7}.Debug|x86.Build.0 = Debug|x86
		{0FCA3EED-4698-456B-A09D-5602EEA3E8A7}.Release|Any CPU.ActiveCfg = Release|x86
		{0FCA3EED-4698-456B-A09D-5602EEA3E8A7}.Release|Mixed Platforms.ActiveCfg = Release|x86
		{0FCA3EED-4698-456B-A09D-5602EEA3E8A7}.Release|Mixed Platforms.Build.0 = Release|x86
		{0FCA3EED-4698-456B-A09D-5602EEA3E8A7}.Release|x86.ActiveCfg = Release|x86
		{0FCA3EED-4698-456B-A09D-5602EEA3E8A7}.Release|x86.Build.0 = Release|x86
		{17190634-4F7B-4FB3-94D5-A67F0A33D092}.Debug|Any CPU.ActiveCfg = Debug|x86
		{17190634-4F7B-4FB3-94D5-A67F0A33D092}.Debug|Mixed Platforms.ActiveCfg = Debug|x86
		{17190634-4F7B-4FB3-94D5-A67F0A33D092}.Debug|Mixed Platforms.Build.0 = Debug|x86
		{17190634-4F7B-4FB3-94D5-A67F0A33D092}.Debug|x86.ActiveCfg = Debug|x86
		{17190634-4F7B-4FB3-94D5-A67F0A33D092}.Debug|x86.Build.0 = Debug|x86
		{17190634-4F7B-4FB3-94D5-A67F0A33D092}.Release|Any CPU.ActiveCfg = Release|x86
		{17190634-4F7B-4FB3-94D5-A67F0A33D092}.Release|Mixed Platforms.ActiveCfg = Release|x86
		{17190634-4F7B-4FB3-94D5-A67F0A33D092}.Release|Mixed Platforms.Build.0 = Release|x86
		{17190634-4F7B-4FB3-94D5-A67F0A33D092}.Release|x86.ActiveCfg = Release|x86
		{17190634-4F7B-4FB3-94D5-A67F0A33D092}.Release|x86.Build.0 = Release|x86
		{A434FFFC-A9CE-455B-8B7C-2673B9415207}.Debug|Any CPU.ActiveCfg = Debug|x86
		{A434FFFC-A9CE-455B-8B7C-2673B9415207}.Debug|Mixed Platforms.ActiveCfg = Debug|x86
		{A434FFFC-A9CE-455B-8B7C-2673B9415207}.Debug|Mixed Platforms.Build.0 = Debug|x86
		{A434FFFC-A9CE-455B-8B7C-2673B9415207}.Debug|x86.ActiveCfg = Debug|x86
		{A434FFFC-A9CE-455B-8B7C-2673B9415207}.Debug|x86.Build.0 = Debug|x86
		{A434FFFC-A9CE-455B-8B7C-2673B9415207}.Release|Any CPU.ActiveCfg = Release|x86
		{A434FFFC-A9CE-455B-8B7C-2673B9415207}.Release|Mixed Platforms.ActiveCfg = Release|x86
		{A434FFFC-A9CE-455B-8B7C-2673B9415207}.Release|Mixed Platforms.Build.0 = Release|x86
		{A434FFFC-A9CE-455B-8B7C-2673B9415207}.Release|x86.ActiveCfg = Release|x86
		{A434FFFC-A9CE-455B-8B7C-2673B9415207}.Release|x86.Build.0 = Release|x86
	EndGlobalSection
	GlobalSection(SolutionProperties) = preSolution
		HideSolutionNode = FALSE
	EndGlobalSection
EndGlobal
